// !$*UTF8*$!
{
	archiveVersion = 1;
	classes = {
	};
	objectVersion = 46;
	objects = {

/* Begin PBXBuildFile section */
		8DD76F9A0486AA7600D96B5E /* SGMain.m in Sources */ = {isa = PBXBuildFile; fileRef = 08FB7796FE84155DC02AAC07 /* SGMain.m */; settings = {ATTRIBUTES = (); }; };
		8DD76F9C0486AA7600D96B5E /* Foundation.framework in Frameworks */ = {isa = PBXBuildFile; fileRef = 08FB779EFE84155DC02AAC07 /* Foundation.framework */; };
		D0F2815413D0BF6600B4F659 /* GTLRUploadParameters.m in Sources */ = {isa = PBXBuildFile; fileRef = D0F2815313D0BF6600B4F659 /* GTLRUploadParameters.m */; };
		F40E71431384B41200EE3F02 /* GTLRObject.m in Sources */ = {isa = PBXBuildFile; fileRef = F40E712C1384B41200EE3F02 /* GTLRObject.m */; };
		F40E71441384B41200EE3F02 /* GTLRQuery.m in Sources */ = {isa = PBXBuildFile; fileRef = F40E712E1384B41200EE3F02 /* GTLRQuery.m */; };
		F40E71451384B41200EE3F02 /* GTLRBatchQuery.m in Sources */ = {isa = PBXBuildFile; fileRef = F40E71301384B41200EE3F02 /* GTLRBatchQuery.m */; };
		F40E71461384B41200EE3F02 /* GTLRService.m in Sources */ = {isa = PBXBuildFile; fileRef = F40E71321384B41200EE3F02 /* GTLRService.m */; };
		F40E71471384B41200EE3F02 /* GTLRBatchResult.m in Sources */ = {isa = PBXBuildFile; fileRef = F40E71341384B41200EE3F02 /* GTLRBatchResult.m */; };
		F40E71481384B41200EE3F02 /* GTLRDateTime.m in Sources */ = {isa = PBXBuildFile; fileRef = F40E71361384B41200EE3F02 /* GTLRDateTime.m */; };
		F40E71491384B41200EE3F02 /* GTLRErrorObject.m in Sources */ = {isa = PBXBuildFile; fileRef = F40E71381384B41200EE3F02 /* GTLRErrorObject.m */; };
		F40E714A1384B41200EE3F02 /* GTLRRuntimeCommon.m in Sources */ = {isa = PBXBuildFile; fileRef = F40E713A1384B41200EE3F02 /* GTLRRuntimeCommon.m */; };
		F40E714B1384B41200EE3F02 /* GTLRFramework.m in Sources */ = {isa = PBXBuildFile; fileRef = F40E713D1384B41200EE3F02 /* GTLRFramework.m */; };
		F40E714D1384B41200EE3F02 /* GTLRUtilities.m in Sources */ = {isa = PBXBuildFile; fileRef = F40E71421384B41200EE3F02 /* GTLRUtilities.m */; };
		F4469DEF1C45709C00BCFAA1 /* GTMSessionFetcher.m in Sources */ = {isa = PBXBuildFile; fileRef = F4469DEA1C45709C00BCFAA1 /* GTMSessionFetcher.m */; };
		F4469DF01C45709C00BCFAA1 /* GTMSessionFetcherLogging.m in Sources */ = {isa = PBXBuildFile; fileRef = F4469DEC1C45709C00BCFAA1 /* GTMSessionFetcherLogging.m */; };
		F4469DF11C45709C00BCFAA1 /* GTMSessionFetcherService.m in Sources */ = {isa = PBXBuildFile; fileRef = F4469DEE1C45709C00BCFAA1 /* GTMSessionFetcherService.m */; };
		F4469E251C45B02400BCFAA1 /* GTLRDiscoveryQuery.m in Sources */ = {isa = PBXBuildFile; fileRef = F4469E221C45B02400BCFAA1 /* GTLRDiscoveryQuery.m */; };
		F4469E261C45B02400BCFAA1 /* GTLRDiscoveryService.m in Sources */ = {isa = PBXBuildFile; fileRef = F4469E241C45B02400BCFAA1 /* GTLRDiscoveryService.m */; };
		F4469EB61C4E731700BCFAA1 /* GTMMIMEDocument.m in Sources */ = {isa = PBXBuildFile; fileRef = F4469EB51C4E731700BCFAA1 /* GTMMIMEDocument.m */; };
		F4469EB91C4E734500BCFAA1 /* GTMGatherInputStream.m in Sources */ = {isa = PBXBuildFile; fileRef = F4469EB81C4E734500BCFAA1 /* GTMGatherInputStream.m */; };
		F4469EC11C57ADC600BCFAA1 /* GTLRDiscoveryObjects.m in Sources */ = {isa = PBXBuildFile; fileRef = F4469EC01C57ADC600BCFAA1 /* GTLRDiscoveryObjects.m */; };
		F4809571178A310E007D65F4 /* GTLRURITemplate.m in Sources */ = {isa = PBXBuildFile; fileRef = F4809570178A310E007D65F4 /* GTLRURITemplate.m */; };
		F4CC66DF1237D33800522D45 /* SGGenerator.m in Sources */ = {isa = PBXBuildFile; fileRef = F4CC66DE1237D33800522D45 /* SGGenerator.m */; };
		F4D9D5241D832EE7000EBBED /* GTLRDuration.m in Sources */ = {isa = PBXBuildFile; fileRef = F4D9D5231D832EE7000EBBED /* GTLRDuration.m */; };
		F4F407641C21B3B9001B1A59 /* Security.framework in Frameworks */ = {isa = PBXBuildFile; fileRef = F4F407631C21B3B9001B1A59 /* Security.framework */; };
		F4F9D45F1313E9C0002E77E6 /* SGUtils.m in Sources */ = {isa = PBXBuildFile; fileRef = F4F9D45E1313E9C0002E77E6 /* SGUtils.m */; };
		F4F9D80F13146402002E77E6 /* CoreServices.framework in Frameworks */ = {isa = PBXBuildFile; fileRef = F4F9D80E13146402002E77E6 /* CoreServices.framework */; };
/* End PBXBuildFile section */

/* Begin PBXCopyFilesBuildPhase section */
		8DD76F9E0486AA7600D96B5E /* CopyFiles */ = {
			isa = PBXCopyFilesBuildPhase;
			buildActionMask = 12;
			dstPath = "";
			dstSubfolderSpec = 16;
			files = (
			);
			runOnlyForDeploymentPostprocessing = 0;
		};
/* End PBXCopyFilesBuildPhase section */

/* Begin PBXFileReference section */
		08FB7796FE84155DC02AAC07 /* SGMain.m */ = {isa = PBXFileReference; fileEncoding = 4; lastKnownFileType = sourcecode.c.objc; path = SGMain.m; sourceTree = "<group>"; };
		08FB779EFE84155DC02AAC07 /* Foundation.framework */ = {isa = PBXFileReference; lastKnownFileType = wrapper.framework; name = Foundation.framework; path = /System/Library/Frameworks/Foundation.framework; sourceTree = "<absolute>"; };
		8DD76FA10486AA7600D96B5E /* ServiceGenerator */ = {isa = PBXFileReference; explicitFileType = "compiled.mach-o.executable"; includeInIndex = 0; path = ServiceGenerator; sourceTree = BUILT_PRODUCTS_DIR; };
		D0F2815213D0BF6600B4F659 /* GTLRUploadParameters.h */ = {isa = PBXFileReference; fileEncoding = 4; lastKnownFileType = sourcecode.c.h; name = GTLRUploadParameters.h; path = ../../Objects/GTLRUploadParameters.h; sourceTree = SOURCE_ROOT; };
		D0F2815313D0BF6600B4F659 /* GTLRUploadParameters.m */ = {isa = PBXFileReference; fileEncoding = 4; lastKnownFileType = sourcecode.c.objc; name = GTLRUploadParameters.m; path = ../../Objects/GTLRUploadParameters.m; sourceTree = SOURCE_ROOT; };
		F40E712B1384B41200EE3F02 /* GTLRObject.h */ = {isa = PBXFileReference; fileEncoding = 4; lastKnownFileType = sourcecode.c.h; name = GTLRObject.h; path = ../../Objects/GTLRObject.h; sourceTree = SOURCE_ROOT; };
		F40E712C1384B41200EE3F02 /* GTLRObject.m */ = {isa = PBXFileReference; fileEncoding = 4; lastKnownFileType = sourcecode.c.objc; name = GTLRObject.m; path = ../../Objects/GTLRObject.m; sourceTree = SOURCE_ROOT; };
		F40E712D1384B41200EE3F02 /* GTLRQuery.h */ = {isa = PBXFileReference; fileEncoding = 4; lastKnownFileType = sourcecode.c.h; name = GTLRQuery.h; path = ../../Objects/GTLRQuery.h; sourceTree = SOURCE_ROOT; };
		F40E712E1384B41200EE3F02 /* GTLRQuery.m */ = {isa = PBXFileReference; fileEncoding = 4; lastKnownFileType = sourcecode.c.objc; name = GTLRQuery.m; path = ../../Objects/GTLRQuery.m; sourceTree = SOURCE_ROOT; };
		F40E712F1384B41200EE3F02 /* GTLRBatchQuery.h */ = {isa = PBXFileReference; fileEncoding = 4; lastKnownFileType = sourcecode.c.h; name = GTLRBatchQuery.h; path = ../../Objects/GTLRBatchQuery.h; sourceTree = SOURCE_ROOT; };
		F40E71301384B41200EE3F02 /* GTLRBatchQuery.m */ = {isa = PBXFileReference; fileEncoding = 4; lastKnownFileType = sourcecode.c.objc; name = GTLRBatchQuery.m; path = ../../Objects/GTLRBatchQuery.m; sourceTree = SOURCE_ROOT; };
		F40E71311384B41200EE3F02 /* GTLRService.h */ = {isa = PBXFileReference; fileEncoding = 4; lastKnownFileType = sourcecode.c.h; name = GTLRService.h; path = ../../Objects/GTLRService.h; sourceTree = SOURCE_ROOT; };
		F40E71321384B41200EE3F02 /* GTLRService.m */ = {isa = PBXFileReference; fileEncoding = 4; lastKnownFileType = sourcecode.c.objc; name = GTLRService.m; path = ../../Objects/GTLRService.m; sourceTree = SOURCE_ROOT; };
		F40E71331384B41200EE3F02 /* GTLRBatchResult.h */ = {isa = PBXFileReference; fileEncoding = 4; lastKnownFileType = sourcecode.c.h; name = GTLRBatchResult.h; path = ../../Objects/GTLRBatchResult.h; sourceTree = SOURCE_ROOT; };
		F40E71341384B41200EE3F02 /* GTLRBatchResult.m */ = {isa = PBXFileReference; fileEncoding = 4; lastKnownFileType = sourcecode.c.objc; name = GTLRBatchResult.m; path = ../../Objects/GTLRBatchResult.m; sourceTree = SOURCE_ROOT; };
		F40E71351384B41200EE3F02 /* GTLRDateTime.h */ = {isa = PBXFileReference; fileEncoding = 4; lastKnownFileType = sourcecode.c.h; name = GTLRDateTime.h; path = ../../Objects/GTLRDateTime.h; sourceTree = SOURCE_ROOT; };
		F40E71361384B41200EE3F02 /* GTLRDateTime.m */ = {isa = PBXFileReference; fileEncoding = 4; lastKnownFileType = sourcecode.c.objc; name = GTLRDateTime.m; path = ../../Objects/GTLRDateTime.m; sourceTree = SOURCE_ROOT; };
		F40E71371384B41200EE3F02 /* GTLRErrorObject.h */ = {isa = PBXFileReference; fileEncoding = 4; lastKnownFileType = sourcecode.c.h; name = GTLRErrorObject.h; path = ../../Objects/GTLRErrorObject.h; sourceTree = SOURCE_ROOT; };
		F40E71381384B41200EE3F02 /* GTLRErrorObject.m */ = {isa = PBXFileReference; fileEncoding = 4; lastKnownFileType = sourcecode.c.objc; name = GTLRErrorObject.m; path = ../../Objects/GTLRErrorObject.m; sourceTree = SOURCE_ROOT; };
		F40E71391384B41200EE3F02 /* GTLRRuntimeCommon.h */ = {isa = PBXFileReference; fileEncoding = 4; lastKnownFileType = sourcecode.c.h; name = GTLRRuntimeCommon.h; path = ../../Objects/GTLRRuntimeCommon.h; sourceTree = SOURCE_ROOT; };
		F40E713A1384B41200EE3F02 /* GTLRRuntimeCommon.m */ = {isa = PBXFileReference; fileEncoding = 4; lastKnownFileType = sourcecode.c.objc; name = GTLRRuntimeCommon.m; path = ../../Objects/GTLRRuntimeCommon.m; sourceTree = SOURCE_ROOT; };
		F40E713C1384B41200EE3F02 /* GTLRFramework.h */ = {isa = PBXFileReference; fileEncoding = 4; lastKnownFileType = sourcecode.c.h; name = GTLRFramework.h; path = ../../Utilities/GTLRFramework.h; sourceTree = SOURCE_ROOT; };
		F40E713D1384B41200EE3F02 /* GTLRFramework.m */ = {isa = PBXFileReference; fileEncoding = 4; lastKnownFileType = sourcecode.c.objc; name = GTLRFramework.m; path = ../../Utilities/GTLRFramework.m; sourceTree = SOURCE_ROOT; };
		F40E71411384B41200EE3F02 /* GTLRUtilities.h */ = {isa = PBXFileReference; fileEncoding = 4; lastKnownFileType = sourcecode.c.h; name = GTLRUtilities.h; path = ../../Utilities/GTLRUtilities.h; sourceTree = SOURCE_ROOT; };
		F40E71421384B41200EE3F02 /* GTLRUtilities.m */ = {isa = PBXFileReference; fileEncoding = 4; lastKnownFileType = sourcecode.c.objc; name = GTLRUtilities.m; path = ../../Utilities/GTLRUtilities.m; sourceTree = SOURCE_ROOT; };
		F4469DE91C45709C00BCFAA1 /* GTMSessionFetcher.h */ = {isa = PBXFileReference; fileEncoding = 4; lastKnownFileType = sourcecode.c.h; path = GTMSessionFetcher.h; sourceTree = "<group>"; };
		F4469DEA1C45709C00BCFAA1 /* GTMSessionFetcher.m */ = {isa = PBXFileReference; fileEncoding = 4; lastKnownFileType = sourcecode.c.objc; path = GTMSessionFetcher.m; sourceTree = "<group>"; };
		F4469DEB1C45709C00BCFAA1 /* GTMSessionFetcherLogging.h */ = {isa = PBXFileReference; fileEncoding = 4; lastKnownFileType = sourcecode.c.h; path = GTMSessionFetcherLogging.h; sourceTree = "<group>"; };
		F4469DEC1C45709C00BCFAA1 /* GTMSessionFetcherLogging.m */ = {isa = PBXFileReference; fileEncoding = 4; lastKnownFileType = sourcecode.c.objc; path = GTMSessionFetcherLogging.m; sourceTree = "<group>"; };
		F4469DED1C45709C00BCFAA1 /* GTMSessionFetcherService.h */ = {isa = PBXFileReference; fileEncoding = 4; lastKnownFileType = sourcecode.c.h; path = GTMSessionFetcherService.h; sourceTree = "<group>"; };
		F4469DEE1C45709C00BCFAA1 /* GTMSessionFetcherService.m */ = {isa = PBXFileReference; fileEncoding = 4; lastKnownFileType = sourcecode.c.objc; path = GTMSessionFetcherService.m; sourceTree = "<group>"; };
		F4469E211C45B02400BCFAA1 /* GTLRDiscoveryQuery.h */ = {isa = PBXFileReference; fileEncoding = 4; lastKnownFileType = sourcecode.c.h; path = GTLRDiscoveryQuery.h; sourceTree = "<group>"; };
		F4469E221C45B02400BCFAA1 /* GTLRDiscoveryQuery.m */ = {isa = PBXFileReference; fileEncoding = 4; lastKnownFileType = sourcecode.c.objc; path = GTLRDiscoveryQuery.m; sourceTree = "<group>"; };
		F4469E231C45B02400BCFAA1 /* GTLRDiscoveryService.h */ = {isa = PBXFileReference; fileEncoding = 4; lastKnownFileType = sourcecode.c.h; path = GTLRDiscoveryService.h; sourceTree = "<group>"; };
		F4469E241C45B02400BCFAA1 /* GTLRDiscoveryService.m */ = {isa = PBXFileReference; fileEncoding = 4; lastKnownFileType = sourcecode.c.objc; path = GTLRDiscoveryService.m; sourceTree = "<group>"; };
		F4469EB41C4E731700BCFAA1 /* GTMMIMEDocument.h */ = {isa = PBXFileReference; fileEncoding = 4; lastKnownFileType = sourcecode.c.h; path = GTMMIMEDocument.h; sourceTree = "<group>"; };
		F4469EB51C4E731700BCFAA1 /* GTMMIMEDocument.m */ = {isa = PBXFileReference; fileEncoding = 4; lastKnownFileType = sourcecode.c.objc; path = GTMMIMEDocument.m; sourceTree = "<group>"; };
		F4469EB71C4E734500BCFAA1 /* GTMGatherInputStream.h */ = {isa = PBXFileReference; fileEncoding = 4; lastKnownFileType = sourcecode.c.h; path = GTMGatherInputStream.h; sourceTree = "<group>"; };
		F4469EB81C4E734500BCFAA1 /* GTMGatherInputStream.m */ = {isa = PBXFileReference; fileEncoding = 4; lastKnownFileType = sourcecode.c.objc; path = GTMGatherInputStream.m; sourceTree = "<group>"; };
		F4469EBF1C57ADC600BCFAA1 /* GTLRDiscoveryObjects.h */ = {isa = PBXFileReference; fileEncoding = 4; lastKnownFileType = sourcecode.c.h; path = GTLRDiscoveryObjects.h; sourceTree = "<group>"; };
		F4469EC01C57ADC600BCFAA1 /* GTLRDiscoveryObjects.m */ = {isa = PBXFileReference; fileEncoding = 4; lastKnownFileType = sourcecode.c.objc; path = GTLRDiscoveryObjects.m; sourceTree = "<group>"; };
		F480956F178A310E007D65F4 /* GTLRURITemplate.h */ = {isa = PBXFileReference; fileEncoding = 4; lastKnownFileType = sourcecode.c.h; name = GTLRURITemplate.h; path = ../../Utilities/GTLRURITemplate.h; sourceTree = "<group>"; };
		F4809570178A310E007D65F4 /* GTLRURITemplate.m */ = {isa = PBXFileReference; fileEncoding = 4; lastKnownFileType = sourcecode.c.objc; name = GTLRURITemplate.m; path = ../../Utilities/GTLRURITemplate.m; sourceTree = "<group>"; };
		F483B88B13A7ACEB001F030B /* GTLRDiscovery.h */ = {isa = PBXFileReference; fileEncoding = 4; lastKnownFileType = sourcecode.c.h; path = GTLRDiscovery.h; sourceTree = "<group>"; };
		F4BB4A7F12B7BF4F008B2FB4 /* GTLRDefines.h */ = {isa = PBXFileReference; fileEncoding = 4; lastKnownFileType = sourcecode.c.h; name = GTLRDefines.h; path = ../../GTLRDefines.h; sourceTree = SOURCE_ROOT; };
		F4CC66DD1237D33800522D45 /* SGGenerator.h */ = {isa = PBXFileReference; fileEncoding = 4; lastKnownFileType = sourcecode.c.h; path = SGGenerator.h; sourceTree = "<group>"; };
		F4CC66DE1237D33800522D45 /* SGGenerator.m */ = {isa = PBXFileReference; fileEncoding = 4; lastKnownFileType = sourcecode.c.objc; path = SGGenerator.m; sourceTree = "<group>"; };
		F4D9D5221D832EE7000EBBED /* GTLRDuration.h */ = {isa = PBXFileReference; fileEncoding = 4; lastKnownFileType = sourcecode.c.h; name = GTLRDuration.h; path = ../../Objects/GTLRDuration.h; sourceTree = "<group>"; };
		F4D9D5231D832EE7000EBBED /* GTLRDuration.m */ = {isa = PBXFileReference; fileEncoding = 4; lastKnownFileType = sourcecode.c.objc; name = GTLRDuration.m; path = ../../Objects/GTLRDuration.m; sourceTree = "<group>"; };
		F4F407631C21B3B9001B1A59 /* Security.framework */ = {isa = PBXFileReference; lastKnownFileType = wrapper.framework; name = Security.framework; path = System/Library/Frameworks/Security.framework; sourceTree = SDKROOT; };
		F4F9D45D1313E9C0002E77E6 /* SGUtils.h */ = {isa = PBXFileReference; fileEncoding = 4; lastKnownFileType = sourcecode.c.h; path = SGUtils.h; sourceTree = "<group>"; };
		F4F9D45E1313E9C0002E77E6 /* SGUtils.m */ = {isa = PBXFileReference; fileEncoding = 4; lastKnownFileType = sourcecode.c.objc; path = SGUtils.m; sourceTree = "<group>"; };
		F4F9D80E13146402002E77E6 /* CoreServices.framework */ = {isa = PBXFileReference; lastKnownFileType = wrapper.framework; name = CoreServices.framework; path = System/Library/Frameworks/CoreServices.framework; sourceTree = SDKROOT; };
/* End PBXFileReference section */

/* Begin PBXFrameworksBuildPhase section */
		8DD76F9B0486AA7600D96B5E /* Frameworks */ = {
			isa = PBXFrameworksBuildPhase;
			buildActionMask = 2147483647;
			files = (
				F4F407641C21B3B9001B1A59 /* Security.framework in Frameworks */,
				8DD76F9C0486AA7600D96B5E /* Foundation.framework in Frameworks */,
				F4F9D80F13146402002E77E6 /* CoreServices.framework in Frameworks */,
			);
			runOnlyForDeploymentPostprocessing = 0;
		};
/* End PBXFrameworksBuildPhase section */

/* Begin PBXGroup section */
		08FB7794FE84155DC02AAC07 /* ServiceGenerator */ = {
			isa = PBXGroup;
			children = (
				08FB7795FE84155DC02AAC07 /* Source */,
				F4469DE71C45703900BCFAA1 /* Deps */,
				08FB779DFE84155DC02AAC07 /* External Frameworks and Libraries */,
				1AB674ADFE9D54B511CA2CBB /* Products */,
			);
			name = ServiceGenerator;
			sourceTree = "<group>";
		};
		08FB7795FE84155DC02AAC07 /* Source */ = {
			isa = PBXGroup;
			children = (
				08FB7796FE84155DC02AAC07 /* SGMain.m */,
				F4CC66DD1237D33800522D45 /* SGGenerator.h */,
				F4CC66DE1237D33800522D45 /* SGGenerator.m */,
				F4F9D45D1313E9C0002E77E6 /* SGUtils.h */,
				F4F9D45E1313E9C0002E77E6 /* SGUtils.m */,
				F4BB4A4E12B7BEEB008B2FB4 /* GTLR Sources */,
			);
			name = Source;
			sourceTree = "<group>";
		};
		08FB779DFE84155DC02AAC07 /* External Frameworks and Libraries */ = {
			isa = PBXGroup;
			children = (
				F4F407631C21B3B9001B1A59 /* Security.framework */,
				F4F9D80E13146402002E77E6 /* CoreServices.framework */,
				08FB779EFE84155DC02AAC07 /* Foundation.framework */,
			);
			name = "External Frameworks and Libraries";
			sourceTree = "<group>";
		};
		1AB674ADFE9D54B511CA2CBB /* Products */ = {
			isa = PBXGroup;
			children = (
				8DD76FA10486AA7600D96B5E /* ServiceGenerator */,
			);
			name = Products;
			sourceTree = "<group>";
		};
		F40E712A1384B41200EE3F02 /* Objects */ = {
			isa = PBXGroup;
			children = (
				F40E712F1384B41200EE3F02 /* GTLRBatchQuery.h */,
				F40E71301384B41200EE3F02 /* GTLRBatchQuery.m */,
				F40E71331384B41200EE3F02 /* GTLRBatchResult.h */,
				F40E71341384B41200EE3F02 /* GTLRBatchResult.m */,
				F40E71351384B41200EE3F02 /* GTLRDateTime.h */,
				F40E71361384B41200EE3F02 /* GTLRDateTime.m */,
				F4D9D5221D832EE7000EBBED /* GTLRDuration.h */,
				F4D9D5231D832EE7000EBBED /* GTLRDuration.m */,
				F40E71371384B41200EE3F02 /* GTLRErrorObject.h */,
				F40E71381384B41200EE3F02 /* GTLRErrorObject.m */,
				F40E712B1384B41200EE3F02 /* GTLRObject.h */,
				F40E712C1384B41200EE3F02 /* GTLRObject.m */,
				F40E712D1384B41200EE3F02 /* GTLRQuery.h */,
				F40E712E1384B41200EE3F02 /* GTLRQuery.m */,
				F40E71391384B41200EE3F02 /* GTLRRuntimeCommon.h */,
				F40E713A1384B41200EE3F02 /* GTLRRuntimeCommon.m */,
				F40E71311384B41200EE3F02 /* GTLRService.h */,
				F40E71321384B41200EE3F02 /* GTLRService.m */,
				D0F2815213D0BF6600B4F659 /* GTLRUploadParameters.h */,
				D0F2815313D0BF6600B4F659 /* GTLRUploadParameters.m */,
			);
			name = Objects;
			sourceTree = "<group>";
		};
		F40E713B1384B41200EE3F02 /* Utilities */ = {
			isa = PBXGroup;
			children = (
				F40E713C1384B41200EE3F02 /* GTLRFramework.h */,
				F40E713D1384B41200EE3F02 /* GTLRFramework.m */,
				F480956F178A310E007D65F4 /* GTLRURITemplate.h */,
				F4809570178A310E007D65F4 /* GTLRURITemplate.m */,
				F40E71411384B41200EE3F02 /* GTLRUtilities.h */,
				F40E71421384B41200EE3F02 /* GTLRUtilities.m */,
			);
			name = Utilities;
			sourceTree = "<group>";
		};
		F4469DE71C45703900BCFAA1 /* Deps */ = {
			isa = PBXGroup;
			children = (
				F4469DE81C45705A00BCFAA1 /* SessionFetcher */,
			);
			name = Deps;
			path = ../../../Deps;
			sourceTree = "<group>";
		};
		F4469DE81C45705A00BCFAA1 /* SessionFetcher */ = {
			isa = PBXGroup;
			children = (
				F4469EB71C4E734500BCFAA1 /* GTMGatherInputStream.h */,
				F4469EB81C4E734500BCFAA1 /* GTMGatherInputStream.m */,
				F4469EB41C4E731700BCFAA1 /* GTMMIMEDocument.h */,
				F4469EB51C4E731700BCFAA1 /* GTMMIMEDocument.m */,
				F4469DE91C45709C00BCFAA1 /* GTMSessionFetcher.h */,
				F4469DEA1C45709C00BCFAA1 /* GTMSessionFetcher.m */,
				F4469DEB1C45709C00BCFAA1 /* GTMSessionFetcherLogging.h */,
				F4469DEC1C45709C00BCFAA1 /* GTMSessionFetcherLogging.m */,
				F4469DED1C45709C00BCFAA1 /* GTMSessionFetcherService.h */,
				F4469DEE1C45709C00BCFAA1 /* GTMSessionFetcherService.m */,
			);
			name = SessionFetcher;
			path = "gtm-session-fetcher/Source";
			sourceTree = "<group>";
		};
		F4BB4A4E12B7BEEB008B2FB4 /* GTLR Sources */ = {
			isa = PBXGroup;
			children = (
				F4BB4A7D12B7BF3E008B2FB4 /* Common */,
				F4BB4A8D12B7BF64008B2FB4 /* Discovery */,
			);
			name = "GTLR Sources";
			sourceTree = "<group>";
		};
		F4BB4A7D12B7BF3E008B2FB4 /* Common */ = {
			isa = PBXGroup;
			children = (
				F4BB4A7F12B7BF4F008B2FB4 /* GTLRDefines.h */,
				F40E712A1384B41200EE3F02 /* Objects */,
				F40E713B1384B41200EE3F02 /* Utilities */,
			);
			name = Common;
			sourceTree = "<group>";
		};
		F4BB4A8D12B7BF64008B2FB4 /* Discovery */ = {
			isa = PBXGroup;
			children = (
				F483B88B13A7ACEB001F030B /* GTLRDiscovery.h */,
				F4469EBF1C57ADC600BCFAA1 /* GTLRDiscoveryObjects.h */,
				F4469EC01C57ADC600BCFAA1 /* GTLRDiscoveryObjects.m */,
				F4469E211C45B02400BCFAA1 /* GTLRDiscoveryQuery.h */,
				F4469E221C45B02400BCFAA1 /* GTLRDiscoveryQuery.m */,
				F4469E231C45B02400BCFAA1 /* GTLRDiscoveryService.h */,
				F4469E241C45B02400BCFAA1 /* GTLRDiscoveryService.m */,
			);
			name = Discovery;
			path = ../../GeneratedServices/Discovery;
			sourceTree = SOURCE_ROOT;
		};
/* End PBXGroup section */

/* Begin PBXNativeTarget section */
		8DD76F960486AA7600D96B5E /* ServiceGenerator */ = {
			isa = PBXNativeTarget;
			buildConfigurationList = 1DEB927408733DD40010E9CD /* Build configuration list for PBXNativeTarget "ServiceGenerator" */;
			buildPhases = (
				8DD76F990486AA7600D96B5E /* Sources */,
				8DD76F9B0486AA7600D96B5E /* Frameworks */,
				8DD76F9E0486AA7600D96B5E /* CopyFiles */,
			);
			buildRules = (
			);
			dependencies = (
			);
			name = ServiceGenerator;
			productInstallPath = "$(HOME)/bin";
			productName = ServiceGenerator;
			productReference = 8DD76FA10486AA7600D96B5E /* ServiceGenerator */;
			productType = "com.apple.product-type.tool";
		};
/* End PBXNativeTarget section */

/* Begin PBXProject section */
		08FB7793FE84155DC02AAC07 /* Project object */ = {
			isa = PBXProject;
			attributes = {
				LastUpgradeCheck = 0800;
			};
			buildConfigurationList = 1DEB927808733DD40010E9CD /* Build configuration list for PBXProject "ServiceGenerator" */;
			compatibilityVersion = "Xcode 3.2";
			developmentRegion = English;
			hasScannedForEncodings = 1;
			knownRegions = (
				English,
				Japanese,
				French,
				German,
			);
			mainGroup = 08FB7794FE84155DC02AAC07 /* ServiceGenerator */;
			projectDirPath = "";
			projectRoot = "";
			targets = (
				8DD76F960486AA7600D96B5E /* ServiceGenerator */,
			);
		};
/* End PBXProject section */

/* Begin PBXSourcesBuildPhase section */
		8DD76F990486AA7600D96B5E /* Sources */ = {
			isa = PBXSourcesBuildPhase;
			buildActionMask = 2147483647;
			files = (
				8DD76F9A0486AA7600D96B5E /* SGMain.m in Sources */,
				F4CC66DF1237D33800522D45 /* SGGenerator.m in Sources */,
				F4F9D45F1313E9C0002E77E6 /* SGUtils.m in Sources */,
				F40E71431384B41200EE3F02 /* GTLRObject.m in Sources */,
				F40E71441384B41200EE3F02 /* GTLRQuery.m in Sources */,
				F4469DF01C45709C00BCFAA1 /* GTMSessionFetcherLogging.m in Sources */,
				F40E71451384B41200EE3F02 /* GTLRBatchQuery.m in Sources */,
				F40E71461384B41200EE3F02 /* GTLRService.m in Sources */,
				F40E71471384B41200EE3F02 /* GTLRBatchResult.m in Sources */,
				F40E71481384B41200EE3F02 /* GTLRDateTime.m in Sources */,
				F40E71491384B41200EE3F02 /* GTLRErrorObject.m in Sources */,
				F4469DEF1C45709C00BCFAA1 /* GTMSessionFetcher.m in Sources */,
				F4469E261C45B02400BCFAA1 /* GTLRDiscoveryService.m in Sources */,
				F4469DF11C45709C00BCFAA1 /* GTMSessionFetcherService.m in Sources */,
				F40E714A1384B41200EE3F02 /* GTLRRuntimeCommon.m in Sources */,
				F4469EB91C4E734500BCFAA1 /* GTMGatherInputStream.m in Sources */,
				F4D9D5241D832EE7000EBBED /* GTLRDuration.m in Sources */,
				F4469E251C45B02400BCFAA1 /* GTLRDiscoveryQuery.m in Sources */,
				F40E714B1384B41200EE3F02 /* GTLRFramework.m in Sources */,
				F40E714D1384B41200EE3F02 /* GTLRUtilities.m in Sources */,
				F4469EB61C4E731700BCFAA1 /* GTMMIMEDocument.m in Sources */,
				F4469EC11C57ADC600BCFAA1 /* GTLRDiscoveryObjects.m in Sources */,
				D0F2815413D0BF6600B4F659 /* GTLRUploadParameters.m in Sources */,
				F4809571178A310E007D65F4 /* GTLRURITemplate.m in Sources */,
			);
			runOnlyForDeploymentPostprocessing = 0;
		};
/* End PBXSourcesBuildPhase section */

/* Begin XCBuildConfiguration section */
		1DEB927508733DD40010E9CD /* Debug */ = {
			isa = XCBuildConfiguration;
			buildSettings = {
				COPY_PHASE_STRIP = NO;
				GCC_DYNAMIC_NO_PIC = NO;
				PRODUCT_NAME = ServiceGenerator;
			};
			name = Debug;
		};
		1DEB927608733DD40010E9CD /* Release */ = {
			isa = XCBuildConfiguration;
			buildSettings = {
				DEBUG_INFORMATION_FORMAT = "dwarf-with-dsym";
				PRODUCT_NAME = ServiceGenerator;
			};
			name = Release;
		};
		1DEB927908733DD40010E9CD /* Debug */ = {
			isa = XCBuildConfiguration;
			buildSettings = {
				ALWAYS_SEARCH_USER_PATHS = NO;
				CLANG_ANALYZER_LOCALIZABILITY_NONLOCALIZED = YES;
				CLANG_ENABLE_OBJC_ARC = YES;
				CLANG_WARN_BOOL_CONVERSION = YES;
				CLANG_WARN_CONSTANT_CONVERSION = YES;
				CLANG_WARN_EMPTY_BODY = YES;
				CLANG_WARN_ENUM_CONVERSION = YES;
				CLANG_WARN_INFINITE_RECURSION = YES;
				CLANG_WARN_INT_CONVERSION = YES;
				CLANG_WARN_OBJC_MISSING_PROPERTY_SYNTHESIS = YES;
				CLANG_WARN_SUSPICIOUS_MOVE = YES;
				CLANG_WARN_UNREACHABLE_CODE = YES;
				CLANG_WARN__DUPLICATE_METHOD_MATCH = YES;
				ENABLE_STRICT_OBJC_MSGSEND = YES;
				ENABLE_TESTABILITY = YES;
				GCC_C_LANGUAGE_STANDARD = gnu99;
				GCC_NO_COMMON_BLOCKS = YES;
				GCC_OPTIMIZATION_LEVEL = 0;
				GCC_PREPROCESSOR_DEFINITIONS = (
					DEBUG,
					"STRIP_GTM_FETCH_LOGGING=0",
				);
				GCC_TREAT_IMPLICIT_FUNCTION_DECLARATIONS_AS_ERRORS = YES;
				GCC_TREAT_WARNINGS_AS_ERRORS = YES;
				GCC_WARN_64_TO_32_BIT_CONVERSION = YES;
				GCC_WARN_ABOUT_MISSING_FIELD_INITIALIZERS = YES;
				GCC_WARN_ABOUT_MISSING_NEWLINE = YES;
				GCC_WARN_ABOUT_MISSING_PROTOTYPES = YES;
				GCC_WARN_ABOUT_RETURN_TYPE = YES;
				GCC_WARN_CHECK_SWITCH_STATEMENTS = YES;
				GCC_WARN_INHIBIT_ALL_WARNINGS = NO;
				GCC_WARN_MISSING_PARENTHESES = YES;
				GCC_WARN_SHADOW = YES;
				GCC_WARN_SIGN_COMPARE = YES;
				GCC_WARN_UNDECLARED_SELECTOR = NO;
				GCC_WARN_UNUSED_FUNCTION = YES;
				GCC_WARN_UNUSED_LABEL = YES;
				GCC_WARN_UNUSED_VARIABLE = YES;
				MACOSX_DEPLOYMENT_TARGET = 10.10;
				ONLY_ACTIVE_ARCH = YES;
				OTHER_CFLAGS = (
					"-Wformat",
					"-Wall",
				);
				RUN_CLANG_STATIC_ANALYZER = YES;
				SDKROOT = macosx;
			};
			name = Debug;
		};
		1DEB927A08733DD40010E9CD /* Release */ = {
			isa = XCBuildConfiguration;
			buildSettings = {
				ALWAYS_SEARCH_USER_PATHS = NO;
				CLANG_ANALYZER_LOCALIZABILITY_NONLOCALIZED = YES;
				CLANG_ENABLE_OBJC_ARC = YES;
				CLANG_WARN_BOOL_CONVERSION = YES;
				CLANG_WARN_CONSTANT_CONVERSION = YES;
				CLANG_WARN_EMPTY_BODY = YES;
				CLANG_WARN_ENUM_CONVERSION = YES;
				CLANG_WARN_INFINITE_RECURSION = YES;
				CLANG_WARN_INT_CONVERSION = YES;
				CLANG_WARN_OBJC_MISSING_PROPERTY_SYNTHESIS = YES;
				CLANG_WARN_SUSPICIOUS_MOVE = YES;
				CLANG_WARN_UNREACHABLE_CODE = YES;
				CLANG_WARN__DUPLICATE_METHOD_MATCH = YES;
				ENABLE_NS_ASSERTIONS = NO;
				ENABLE_STRICT_OBJC_MSGSEND = YES;
				GCC_C_LANGUAGE_STANDARD = gnu99;
				GCC_NO_COMMON_BLOCKS = YES;
				GCC_PREPROCESSOR_DEFINITIONS = "STRIP_GTM_FETCH_LOGGING=0";
				GCC_TREAT_IMPLICIT_FUNCTION_DECLARATIONS_AS_ERRORS = YES;
				GCC_TREAT_WARNINGS_AS_ERRORS = YES;
				GCC_WARN_64_TO_32_BIT_CONVERSION = YES;
				GCC_WARN_ABOUT_MISSING_FIELD_INITIALIZERS = YES;
				GCC_WARN_ABOUT_MISSING_NEWLINE = YES;
				GCC_WARN_ABOUT_MISSING_PROTOTYPES = YES;
				GCC_WARN_ABOUT_RETURN_TYPE = YES;
				GCC_WARN_CHECK_SWITCH_STATEMENTS = YES;
				GCC_WARN_INHIBIT_ALL_WARNINGS = NO;
				GCC_WARN_MISSING_PARENTHESES = YES;
				GCC_WARN_SHADOW = YES;
				GCC_WARN_SIGN_COMPARE = YES;
				GCC_WARN_UNDECLARED_SELECTOR = NO;
				GCC_WARN_UNINITIALIZED_AUTOS = YES;
				GCC_WARN_UNUSED_FUNCTION = YES;
				GCC_WARN_UNUSED_LABEL = YES;
				GCC_WARN_UNUSED_VARIABLE = YES;
				MACOSX_DEPLOYMENT_TARGET = 10.10;
				OTHER_CFLAGS = (
					"-Wformat",
					"-Wall",
				);
				RUN_CLANG_STATIC_ANALYZER = YES;
				SDKROOT = macosx;
			};
			name = Release;
		};
/* End XCBuildConfiguration section */

/* Begin XCConfigurationList section */
		1DEB927408733DD40010E9CD /* Build configuration list for PBXNativeTarget "ServiceGenerator" */ = {
			isa = XCConfigurationList;
			buildConfigurations = (
				1DEB927508733DD40010E9CD /* Debug */,
				1DEB927608733DD40010E9CD /* Release */,
			);
			defaultConfigurationIsVisible = 0;
			defaultConfigurationName = Release;
		};
		1DEB927808733DD40010E9CD /* Build configuration list for PBXProject "ServiceGenerator" */ = {
			isa = XCConfigurationList;
			buildConfigurations = (
				1DEB927908733DD40010E9CD /* Debug */,
				1DEB927A08733DD40010E9CD /* Release */,
			);
			defaultConfigurationIsVisible = 0;
			defaultConfigurationName = Release;
		};
/* End XCConfigurationList section */
	};
	rootObject = 08FB7793FE84155DC02AAC07 /* Project object */;
}
